{
  "name": "very-simple-ktlint-extension",
  "version": "0.0.11",
  "lockfileVersion": 3,
  "requires": true,
  "packages": {
    "": {
      "name": "very-simple-ktlint-extension",
      "version": "0.0.11",
      "license": "MIT",
      "engines": {
        "vscode": "^1.75.0"
      }
    }
  }
}
